{
    "version": 3,
    "terraform_version": "0.7.3",
    "serial": 4,
    "lineage": "dde1d05b-b819-4c94-aad3-a9bcf1c9a8b4",
    "modules": [
        {
            "path": [
                "root"
            ],
            "outputs": {},
            "resources": {
                "aws_cloudwatch_event_rule.every_thirty_minutes": {
                    "type": "aws_cloudwatch_event_rule",
                    "depends_on": [],
                    "primary": {
                        "id": "every-thirty-minutes",
                        "attributes": {
                            "arn": "arn:aws:events:ap-northeast-1:410655858509:rule/every-thirty-minutes",
                            "description": "Fires every thirty minutes",
                            "id": "every-thirty-minutes",
                            "is_enabled": "true",
                            "name": "every-thirty-minutes",
                            "role_arn": "",
                            "schedule_expression": "rate(30 minutes)"
                        },
                        "meta": {},
                        "tainted": false
                    },
                    "deposed": [],
                    "provider": ""
                },
                "aws_cloudwatch_event_target.tweet_every_thirty_minutes": {
                    "type": "aws_cloudwatch_event_target",
                    "depends_on": [
                        "aws_cloudwatch_event_rule.every_thirty_minutes"
                    ],
                    "primary": {
                        "id": "every-thirty-minutes-terraform-20160917073805298759119pvj",
                        "attributes": {
                            "arn": "arn:aws:lambda:ap-northeast-1:410655858509:function:nodejs-ko-bot_tweet",
                            "id": "every-thirty-minutes-terraform-20160917073805298759119pvj",
                            "input": "",
                            "input_path": "",
                            "rule": "every-thirty-minutes",
                            "target_id": "terraform-20160917073805298759119pvj"
                        },
                        "meta": {},
                        "tainted": false
                    },
                    "deposed": [],
                    "provider": ""
                },
                "aws_lambda_permission.allow_cloudwatch_to_call_tweet": {
                    "type": "aws_lambda_permission",
                    "depends_on": [
                        "aws_cloudwatch_event_rule.every_thirty_minutes"
                    ],
                    "primary": {
                        "id": "AllowExecutionFromCloudWatch",
                        "attributes": {
                            "action": "lambda:InvokeFunction",
                            "function_name": "arn:aws:lambda:ap-northeast-1:410655858509:function:nodejs-ko-bot_tweet",
                            "id": "AllowExecutionFromCloudWatch",
                            "principal": "events.amazonaws.com",
                            "source_arn": "arn:aws:events:ap-northeast-1:410655858509:rule/every-thirty-minutes",
                            "statement_id": "AllowExecutionFromCloudWatch"
                        },
                        "meta": {},
                        "tainted": false
                    },
                    "deposed": [],
                    "provider": ""
                }
            },
            "depends_on": []
        }
    ]
}
